
Microsoft Visual Studio Solution File, Format Version 12.00
# Visual Studio Version 17
VisualStudioVersion = 17.6.33815.320
MinimumVisualStudioVersion = 10.0.40219.1
Project("{FAE04EC0-301F-11D3-BF4B-00C04F79EFBC}") = "ConsoleApp4", "ConsoleApp4\ConsoleApp4.csproj", "{D12F4AC1-EA86-404F-93AF-9284993626B8}"
EndProject
Global
	GlobalSection(SolutionConfigurationPlatforms) = preSolution
		Debug|Any CPU = Debug|Any CPU
		Release|Any CPU = Release|Any CPU
	EndGlobalSection
	GlobalSection(ProjectConfigurationPlatforms) = postSolution
		{D12F4AC1-EA86-404F-93AF-9284993626B8}.Debug|Any CPU.ActiveCfg = Debug|Any CPU
		{D12F4AC1-EA86-404F-93AF-9284993626B8}.Debug|Any CPU.Build.0 = Debug|Any CPU
		{D12F4AC1-EA86-404F-93AF-9284993626B8}.Release|Any CPU.ActiveCfg = Release|Any CPU
		{D12F4AC1-EA86-404F-93AF-9284993626B8}.Release|Any CPU.Build.0 = Release|Any CPU
	EndGlobalSection
	GlobalSection(SolutionProperties) = preSolution
		HideSolutionNode = FALSE
	EndGlobalSection
	GlobalSection(ExtensibilityGlobals) = postSolution
		SolutionGuid = {3F8138EA-5D3E-4186-B4F4-6E1753732EAA}
	EndGlobalSection
EndGlobal
